PODS:
  - MXCycleScrollView (1.5.2):
    - SDWebImage
  - SDWebImage (4.0.0):
    - SDWebImage/Core (= 4.0.0)
  - SDWebImage/Core (4.0.0)

DEPENDENCIES:
  - MXCycleScrollView

SPEC CHECKSUMS:
  MXCycleScrollView: d1262d780b87846438edf0068f4cbd240aa9205d
  SDWebImage: 76a6348bdc74eb5a55dd08a091ef298e56b55e41

PODFILE CHECKSUM: 0d2c5842ad6c2e2005fb7b231a786c5bc30bdc67

COCOAPODS: 1.2.1
